<?xml version="1.0" encoding="utf-8"?>
<Project ToolsVersion="4.0" xmlns="http://schemas.microsoft.com/developer/msbuild/2003">
  <ItemGroup>
    <Filter Include="Fichiers sources">
      <UniqueIdentifier>{4FC737F1-C7A5-4376-A066-2A32D752A2FF}</UniqueIdentifier>
      <Extensions>cpp;c;cc;cxx;def;odl;idl;hpj;bat;asm;asmx</Extensions>
    </Filter>
    <Filter Include="Fichiers d%27en-tête">
      <UniqueIdentifier>{93995380-89BD-4b04-88EB-625FBE52EBFB}</UniqueIdentifier>
      <Extensions>h;hpp;hxx;hm;inl;inc;xsd</Extensions>
    </Filter>
    <Filter Include="Fichiers de ressources">
      <UniqueIdentifier>{67DA6AB6-F800-4c08-8B7A-83BB121AAD01}</UniqueIdentifier>
      <Extensions>rc;ico;cur;bmp;dlg;rc2;rct;bin;rgs;gif;jpg;jpeg;jpe;resx;tiff;tif;png;wav;mfcribbon-ms</Extensions>
    </Filter>
  </ItemGroup>
  <ItemGroup>
    <ClInclude Include="..\..\Include\PNG\cexcept.h">
      <Filter>Fichiers d%27en-tête</Filter>
    </ClInclude>
    <ClInclude Include="..\..\Include\PNG\crc32.h">
      <Filter>Fichiers d%27en-tête</Filter>
    </ClInclude>
    <ClInclude Include="..\..\Include\PNG\deflate.h">
      <Filter>Fichiers d%27en-tête</Filter>
    </ClInclude>
    <ClInclude Include="..\..\Include\PNG\inffast.h">
      <Filter>Fichiers d%27en-tête</Filter>
    </ClInclude>
    <ClInclude Include="..\..\Include\PNG\inffixed.h">
      <Filter>Fichiers d%27en-tête</Filter>
    </ClInclude>
    <ClInclude Include="..\..\Include\PNG\inflate.h">
      <Filter>Fichiers d%27en-tête</Filter>
    </ClInclude>
    <ClInclude Include="..\..\Include\PNG\inftrees.h">
      <Filter>Fichiers d%27en-tête</Filter>
    </ClInclude>
    <ClInclude Include="..\..\Include\PNG\png.h">
      <Filter>Fichiers d%27en-tête</Filter>
    </ClInclude>
    <ClInclude Include="..\..\Include\PNG\pngconf.h">
      <Filter>Fichiers d%27en-tête</Filter>
    </ClInclude>
    <ClInclude Include="..\..\Include\PNG\trees.h">
      <Filter>Fichiers d%27en-tête</Filter>
    </ClInclude>
    <ClInclude Include="..\..\Include\PNG\zconf.h">
      <Filter>Fichiers d%27en-tête</Filter>
    </ClInclude>
    <ClInclude Include="..\..\Include\PNG\zconf.in.h">
      <Filter>Fichiers d%27en-tête</Filter>
    </ClInclude>
    <ClInclude Include="..\..\Include\PNG\zlib.h">
      <Filter>Fichiers d%27en-tête</Filter>
    </ClInclude>
    <ClInclude Include="..\..\Include\PNG\zutil.h">
      <Filter>Fichiers d%27en-tête</Filter>
    </ClInclude>
  </ItemGroup>
  <ItemGroup>
    <ClCompile Include="..\..\Src\PNG\adler32.c">
      <Filter>Fichiers sources</Filter>
    </ClCompile>
    <ClCompile Include="..\..\Src\PNG\compress.c">
      <Filter>Fichiers sources</Filter>
    </ClCompile>
    <ClCompile Include="..\..\Src\PNG\crc32.c">
      <Filter>Fichiers sources</Filter>
    </ClCompile>
    <ClCompile Include="..\..\Src\PNG\deflate.c">
      <Filter>Fichiers sources</Filter>
    </ClCompile>
    <ClCompile Include="..\..\Src\PNG\gzio.c">
      <Filter>Fichiers sources</Filter>
    </ClCompile>
    <ClCompile Include="..\..\Src\PNG\infback.c">
      <Filter>Fichiers sources</Filter>
    </ClCompile>
    <ClCompile Include="..\..\Src\PNG\inffast.c">
      <Filter>Fichiers sources</Filter>
    </ClCompile>
    <ClCompile Include="..\..\Src\PNG\inflate.c">
      <Filter>Fichiers sources</Filter>
    </ClCompile>
    <ClCompile Include="..\..\Src\PNG\inftrees.c">
      <Filter>Fichiers sources</Filter>
    </ClCompile>
    <ClCompile Include="..\..\Src\PNG\png.c">
      <Filter>Fichiers sources</Filter>
    </ClCompile>
    <ClCompile Include="..\..\Src\PNG\pngerror.c">
      <Filter>Fichiers sources</Filter>
    </ClCompile>
    <ClCompile Include="..\..\Src\PNG\pngget.c">
      <Filter>Fichiers sources</Filter>
    </ClCompile>
    <ClCompile Include="..\..\Src\PNG\pngmem.c">
      <Filter>Fichiers sources</Filter>
    </ClCompile>
    <ClCompile Include="..\..\Src\PNG\pngpread.c">
      <Filter>Fichiers sources</Filter>
    </ClCompile>
    <ClCompile Include="..\..\Src\PNG\pngread.c">
      <Filter>Fichiers sources</Filter>
    </ClCompile>
    <ClCompile Include="..\..\Src\PNG\pngrio.c">
      <Filter>Fichiers sources</Filter>
    </ClCompile>
    <ClCompile Include="..\..\Src\PNG\pngrtran.c">
      <Filter>Fichiers sources</Filter>
    </ClCompile>
    <ClCompile Include="..\..\Src\PNG\pngrutil.c">
      <Filter>Fichiers sources</Filter>
    </ClCompile>
    <ClCompile Include="..\..\Src\PNG\pngset.c">
      <Filter>Fichiers sources</Filter>
    </ClCompile>
    <ClCompile Include="..\..\Src\PNG\pngtrans.c">
      <Filter>Fichiers sources</Filter>
    </ClCompile>
    <ClCompile Include="..\..\Src\PNG\pngwio.c">
      <Filter>Fichiers sources</Filter>
    </ClCompile>
    <ClCompile Include="..\..\Src\PNG\pngwrite.c">
      <Filter>Fichiers sources</Filter>
    </ClCompile>
    <ClCompile Include="..\..\Src\PNG\pngwtran.c">
      <Filter>Fichiers sources</Filter>
    </ClCompile>
    <ClCompile Include="..\..\Src\PNG\pngwutil.c">
      <Filter>Fichiers sources</Filter>
    </ClCompile>
    <ClCompile Include="..\..\Src\PNG\trees.c">
      <Filter>Fichiers sources</Filter>
    </ClCompile>
    <ClCompile Include="..\..\Src\PNG\uncompr.c">
      <Filter>Fichiers sources</Filter>
    </ClCompile>
    <ClCompile Include="..\..\Src\PNG\zutil.c">
      <Filter>Fichiers sources</Filter>
    </ClCompile>
  </ItemGroup>
</Project>